# This file is automatically @generated by Poetry 1.7.0 and should not be changed by hand.

[[package]]
name = "beautifulsoup4"
version = "4.12.2"
description = "Screen-scraping library"
optional = false
python-versions = ">=3.6.0"
files = [
    {file = "beautifulsoup4-4.12.2-py3-none-any.whl", hash = "sha256:bd2520ca0d9d7d12694a53d44ac482d181b4ec1888909b035a3dbf40d0f57d4a"},
    {file = "beautifulsoup4-4.12.2.tar.gz", hash = "sha256:492bbc69dca35d12daac71c4db1bfff0c876c00ef4a2ffacce226d4638eb72da"},
]

[package.dependencies]
soupsieve = ">1.2"

[package.extras]
html5lib = ["html5lib"]
lxml = ["lxml"]

[[package]]
name = "cssutils"
version = "2.9.0"
description = "A CSS Cascading Style Sheets library for Python"
optional = false
python-versions = ">=3.8"
files = [
    {file = "cssutils-2.9.0-py3-none-any.whl", hash = "sha256:f8b013169e281c0c6083207366c5005f5dd4549055f7aba840384fb06a78745c"},
    {file = "cssutils-2.9.0.tar.gz", hash = "sha256:89477b3d17d790e97b9fb4def708767061055795aae6f7c82ae32e967c9be4cd"},
]

[package.extras]
docs = ["furo", "jaraco.packaging (>=9.3)", "jaraco.tidelift (>=1.4)", "rst.linker (>=1.9)", "sphinx (<7.2.5)", "sphinx (>=3.5)", "sphinx-lint"]
testing = ["cssselect", "importlib-resources", "jaraco.test (>=5.1)", "lxml", "pytest (>=6)", "pytest-black (>=0.3.7)", "pytest-checkdocs (>=2.4)", "pytest-cov", "pytest-enabler (>=2.2)", "pytest-mypy (>=0.9.1)", "pytest-ruff"]

[[package]]
name = "prettytable"
version = "3.9.0"
description = "A simple Python library for easily displaying tabular data in a visually appealing ASCII table format"
optional = false
python-versions = ">=3.8"
files = [
    {file = "prettytable-3.9.0-py3-none-any.whl", hash = "sha256:a71292ab7769a5de274b146b276ce938786f56c31cf7cea88b6f3775d82fe8c8"},
    {file = "prettytable-3.9.0.tar.gz", hash = "sha256:f4ed94803c23073a90620b201965e5dc0bccf1760b7a7eaf3158cab8aaffdf34"},
]

[package.dependencies]
wcwidth = "*"

[package.extras]
tests = ["pytest", "pytest-cov", "pytest-lazy-fixture"]

[[package]]
name = "soupsieve"
version = "2.5"
description = "A modern CSS selector implementation for Beautiful Soup."
optional = false
python-versions = ">=3.8"
files = [
    {file = "soupsieve-2.5-py3-none-any.whl", hash = "sha256:eaa337ff55a1579b6549dc679565eac1e3d000563bcb1c8ab0d0fefbc0c2cdc7"},
    {file = "soupsieve-2.5.tar.gz", hash = "sha256:5663d5a7b3bfaeee0bc4372e7fc48f9cff4940b3eec54a6451cc5299f1097690"},
]

[[package]]
name = "tinycss"
version = "0.4"
description = "tinycss is a complete yet simple CSS parser for Python."
optional = false
python-versions = "*"
files = [
    {file = "tinycss-0.4.tar.gz", hash = "sha256:12306fb50e5e9e7eaeef84b802ed877488ba80e35c672867f548c0924a76716e"},
]

[package.extras]
test = ["pytest-cov", "pytest-flake8", "pytest-isort", "pytest-runner"]

[[package]]
name = "tinycss2"
version = "1.2.1"
description = "A tiny CSS parser"
optional = false
python-versions = ">=3.7"
files = [
    {file = "tinycss2-1.2.1-py3-none-any.whl", hash = "sha256:2b80a96d41e7c3914b8cda8bc7f705a4d9c49275616e886103dd839dfc847847"},
    {file = "tinycss2-1.2.1.tar.gz", hash = "sha256:8cff3a8f066c2ec677c06dbc7b45619804a6938478d9d73c284b29d14ecb0627"},
]

[package.dependencies]
webencodings = ">=0.4"

[package.extras]
doc = ["sphinx", "sphinx_rtd_theme"]
test = ["flake8", "isort", "pytest"]

[[package]]
name = "wcwidth"
version = "0.2.12"
description = "Measures the displayed width of unicode strings in a terminal"
optional = false
python-versions = "*"
files = [
    {file = "wcwidth-0.2.12-py2.py3-none-any.whl", hash = "sha256:f26ec43d96c8cbfed76a5075dac87680124fa84e0855195a6184da9c187f133c"},
    {file = "wcwidth-0.2.12.tar.gz", hash = "sha256:f01c104efdf57971bcb756f054dd58ddec5204dd15fa31d6503ea57947d97c02"},
]

[[package]]
name = "webencodings"
version = "0.5.1"
description = "Character encoding aliases for legacy web content"
optional = false
python-versions = "*"
files = [
    {file = "webencodings-0.5.1-py2.py3-none-any.whl", hash = "sha256:a0af1213f3c2226497a97e2b3aa01a7e4bee4f403f95be16fc9acd2947514a78"},
    {file = "webencodings-0.5.1.tar.gz", hash = "sha256:b36a1c245f2d304965eb4e0a82848379241dc04b865afcc4aab16748587e1923"},
]

[metadata]
lock-version = "2.0"
python-versions = "^3.11"
content-hash = "99ed2a6ddf9a0b65958913afb578f6667bc35f37db93776a17a586f0fc318fad"
